
Microsoft Visual Studio Solution File, Format Version 12.00
# Visual Studio 15
VisualStudioVersion = 15.0.28307.960
MinimumVisualStudioVersion = 10.0.40219.1
Project("{FAE04EC0-301F-11D3-BF4B-00C04F79EFBC}") = "Dealer", "Dealer\Dealer.csproj", "{17274F93-C78A-4E2B-99A4-86493C0D8915}"
EndProject
Global
	GlobalSection(SolutionConfigurationPlatforms) = preSolution
		Debug|Any CPU = Debug|Any CPU
		Release|Any CPU = Release|Any CPU
	EndGlobalSection
	GlobalSection(ProjectConfigurationPlatforms) = postSolution
		{17274F93-C78A-4E2B-99A4-86493C0D8915}.Debug|Any CPU.ActiveCfg = Debug|Any CPU
		{17274F93-C78A-4E2B-99A4-86493C0D8915}.Debug|Any CPU.Build.0 = Debug|Any CPU
		{17274F93-C78A-4E2B-99A4-86493C0D8915}.Release|Any CPU.ActiveCfg = Release|Any CPU
		{17274F93-C78A-4E2B-99A4-86493C0D8915}.Release|Any CPU.Build.0 = Release|Any CPU
	EndGlobalSection
	GlobalSection(SolutionProperties) = preSolution
		HideSolutionNode = FALSE
	EndGlobalSection
	GlobalSection(ExtensibilityGlobals) = postSolution
		SolutionGuid = {09119EE7-62E8-44AC-B539-7A697AF1ED31}
	EndGlobalSection
EndGlobal
